
Microsoft Visual Studio Solution File, Format Version 12.00
# Visual Studio Version 16
VisualStudioVersion = 16.0.28407.52
MinimumVisualStudioVersion = 10.0.40219.1
Project("{2150E333-8FDC-42A3-9474-1A3956D46DE8}") = "3 - Domain", "3 - Domain", "{777A5FC9-0A08-4520-B9BF-E3150FF3A849}"
EndProject
Project("{2150E333-8FDC-42A3-9474-1A3956D46DE8}") = "1 - Presentation", "1 - Presentation", "{F6A58154-881E-4C60-80CB-0034E68C637A}"
EndProject
Project("{2150E333-8FDC-42A3-9474-1A3956D46DE8}") = "2 - Service", "2 - Service", "{7E5B14F3-13D0-4A21-B3BB-47F499AE4F72}"
EndProject
Project("{2150E333-8FDC-42A3-9474-1A3956D46DE8}") = "4 - Infrastructure", "4 - Infrastructure", "{0D38BD1D-B2B2-4ABB-88AF-03D8A8A519CD}"
EndProject
Project("{9A19103F-16F7-4668-BE54-9A1E7A4F7556}") = "NUShop.Utilities", "NUShop.Utilities\NUShop.Utilities.csproj", "{DD564727-01D6-46FD-BDDA-4E8E32928B8D}"
EndProject
Project("{9A19103F-16F7-4668-BE54-9A1E7A4F7556}") = "NUShop.Service", "NUShop.Service\NUShop.Service.csproj", "{688D247F-FBED-4EBF-8BA3-998C6D39E08B}"
EndProject
Project("{9A19103F-16F7-4668-BE54-9A1E7A4F7556}") = "NUShop.Infrastructure", "NUShop.Infrastructure\NUShop.Infrastructure.csproj", "{AF7EA6AA-68BA-43F1-B26E-05AC9ADB03F2}"
EndProject
Project("{9A19103F-16F7-4668-BE54-9A1E7A4F7556}") = "NUShop.Data.EF", "NUShop.Data.EF\NUShop.Data.EF.csproj", "{8600CEF3-BC0D-467B-8DFC-0D9AFC3293D1}"
EndProject
Project("{9A19103F-16F7-4668-BE54-9A1E7A4F7556}") = "NUShop.Data", "NUShop.Data\NUShop.Data.csproj", "{D88F2E59-7CCE-4057-92AF-5A4045AE4F6D}"
EndProject
Project("{9A19103F-16F7-4668-BE54-9A1E7A4F7556}") = "NUShop.WebAPI", "WebAPI\NUShop.WebAPI.csproj", "{47818143-034D-46D6-B245-E56999FF824E}"
EndProject
Project("{9A19103F-16F7-4668-BE54-9A1E7A4F7556}") = "NUShop.ViewModel", "NUShop.ViewModel\NUShop.ViewModel.csproj", "{78825077-5B63-4C2C-B0EE-B119A627E286}"
EndProject
Global
	GlobalSection(SolutionConfigurationPlatforms) = preSolution
		Debug|Any CPU = Debug|Any CPU
		Release|Any CPU = Release|Any CPU
	EndGlobalSection
	GlobalSection(ProjectConfigurationPlatforms) = postSolution
		{DD564727-01D6-46FD-BDDA-4E8E32928B8D}.Debug|Any CPU.ActiveCfg = Debug|Any CPU
		{DD564727-01D6-46FD-BDDA-4E8E32928B8D}.Debug|Any CPU.Build.0 = Debug|Any CPU
		{DD564727-01D6-46FD-BDDA-4E8E32928B8D}.Release|Any CPU.ActiveCfg = Release|Any CPU
		{DD564727-01D6-46FD-BDDA-4E8E32928B8D}.Release|Any CPU.Build.0 = Release|Any CPU
		{688D247F-FBED-4EBF-8BA3-998C6D39E08B}.Debug|Any CPU.ActiveCfg = Debug|Any CPU
		{688D247F-FBED-4EBF-8BA3-998C6D39E08B}.Debug|Any CPU.Build.0 = Debug|Any CPU
		{688D247F-FBED-4EBF-8BA3-998C6D39E08B}.Release|Any CPU.ActiveCfg = Release|Any CPU
		{688D247F-FBED-4EBF-8BA3-998C6D39E08B}.Release|Any CPU.Build.0 = Release|Any CPU
		{AF7EA6AA-68BA-43F1-B26E-05AC9ADB03F2}.Debug|Any CPU.ActiveCfg = Debug|Any CPU
		{AF7EA6AA-68BA-43F1-B26E-05AC9ADB03F2}.Debug|Any CPU.Build.0 = Debug|Any CPU
		{AF7EA6AA-68BA-43F1-B26E-05AC9ADB03F2}.Release|Any CPU.ActiveCfg = Release|Any CPU
		{AF7EA6AA-68BA-43F1-B26E-05AC9ADB03F2}.Release|Any CPU.Build.0 = Release|Any CPU
		{8600CEF3-BC0D-467B-8DFC-0D9AFC3293D1}.Debug|Any CPU.ActiveCfg = Debug|Any CPU
		{8600CEF3-BC0D-467B-8DFC-0D9AFC3293D1}.Debug|Any CPU.Build.0 = Debug|Any CPU
		{8600CEF3-BC0D-467B-8DFC-0D9AFC3293D1}.Release|Any CPU.ActiveCfg = Release|Any CPU
		{8600CEF3-BC0D-467B-8DFC-0D9AFC3293D1}.Release|Any CPU.Build.0 = Release|Any CPU
		{D88F2E59-7CCE-4057-92AF-5A4045AE4F6D}.Debug|Any CPU.ActiveCfg = Debug|Any CPU
		{D88F2E59-7CCE-4057-92AF-5A4045AE4F6D}.Debug|Any CPU.Build.0 = Debug|Any CPU
		{D88F2E59-7CCE-4057-92AF-5A4045AE4F6D}.Release|Any CPU.ActiveCfg = Release|Any CPU
		{D88F2E59-7CCE-4057-92AF-5A4045AE4F6D}.Release|Any CPU.Build.0 = Release|Any CPU
		{47818143-034D-46D6-B245-E56999FF824E}.Debug|Any CPU.ActiveCfg = Debug|Any CPU
		{47818143-034D-46D6-B245-E56999FF824E}.Debug|Any CPU.Build.0 = Debug|Any CPU
		{47818143-034D-46D6-B245-E56999FF824E}.Release|Any CPU.ActiveCfg = Release|Any CPU
		{47818143-034D-46D6-B245-E56999FF824E}.Release|Any CPU.Build.0 = Release|Any CPU
		{78825077-5B63-4C2C-B0EE-B119A627E286}.Debug|Any CPU.ActiveCfg = Debug|Any CPU
		{78825077-5B63-4C2C-B0EE-B119A627E286}.Debug|Any CPU.Build.0 = Debug|Any CPU
		{78825077-5B63-4C2C-B0EE-B119A627E286}.Release|Any CPU.ActiveCfg = Release|Any CPU
		{78825077-5B63-4C2C-B0EE-B119A627E286}.Release|Any CPU.Build.0 = Release|Any CPU
	EndGlobalSection
	GlobalSection(SolutionProperties) = preSolution
		HideSolutionNode = FALSE
	EndGlobalSection
	GlobalSection(NestedProjects) = preSolution
		{DD564727-01D6-46FD-BDDA-4E8E32928B8D} = {0D38BD1D-B2B2-4ABB-88AF-03D8A8A519CD}
		{688D247F-FBED-4EBF-8BA3-998C6D39E08B} = {7E5B14F3-13D0-4A21-B3BB-47F499AE4F72}
		{AF7EA6AA-68BA-43F1-B26E-05AC9ADB03F2} = {0D38BD1D-B2B2-4ABB-88AF-03D8A8A519CD}
		{8600CEF3-BC0D-467B-8DFC-0D9AFC3293D1} = {777A5FC9-0A08-4520-B9BF-E3150FF3A849}
		{D88F2E59-7CCE-4057-92AF-5A4045AE4F6D} = {777A5FC9-0A08-4520-B9BF-E3150FF3A849}
		{47818143-034D-46D6-B245-E56999FF824E} = {F6A58154-881E-4C60-80CB-0034E68C637A}
		{78825077-5B63-4C2C-B0EE-B119A627E286} = {7E5B14F3-13D0-4A21-B3BB-47F499AE4F72}
	EndGlobalSection
	GlobalSection(ExtensibilityGlobals) = postSolution
		SolutionGuid = {CF963E3E-A3FB-48C8-A0A3-EC701F86491E}
	EndGlobalSection
EndGlobal
